
Microsoft Visual Studio Solution File, Format Version 12.00
# Visual Studio Version 17
VisualStudioVersion = 17.6.33723.286
MinimumVisualStudioVersion = 10.0.40219.1
Project("{FAE04EC0-301F-11D3-BF4B-00C04F79EFBC}") = "AnyWebApp", "AnyWebApp\AnyWebApp.csproj", "{832DF25F-D547-4DBE-A177-74724D2381DA}"
EndProject
Global
	GlobalSection(SolutionConfigurationPlatforms) = preSolution
		Debug|Any CPU = Debug|Any CPU
		Release|Any CPU = Release|Any CPU
	EndGlobalSection
	GlobalSection(ProjectConfigurationPlatforms) = postSolution
		{832DF25F-D547-4DBE-A177-74724D2381DA}.Debug|Any CPU.ActiveCfg = Debug|Any CPU
		{832DF25F-D547-4DBE-A177-74724D2381DA}.Debug|Any CPU.Build.0 = Debug|Any CPU
		{832DF25F-D547-4DBE-A177-74724D2381DA}.Release|Any CPU.ActiveCfg = Release|Any CPU
		{832DF25F-D547-4DBE-A177-74724D2381DA}.Release|Any CPU.Build.0 = Release|Any CPU
	EndGlobalSection
	GlobalSection(SolutionProperties) = preSolution
		HideSolutionNode = FALSE
	EndGlobalSection
	GlobalSection(ExtensibilityGlobals) = postSolution
		SolutionGuid = {56211BAE-B193-4682-828E-F28359552A22}
	EndGlobalSection
EndGlobal
